Microsoft Visual Studio Solution File, Format Version 12.00
# Visual Studio Version 17
VisualStudioVersion = 17.9.34310.174
MinimumVisualStudioVersion = 10.0.40219.1
Project("{9A19103F-16F7-4668-BE54-9A1E7A4F7556}") = "AspireDemo.AppHost", "AspireDemo.AppHost\AspireDemo.AppHost.csproj", "{327009F3-B809-461F-B52D-786FB48892BD}"
EndProject
Project("{9A19103F-16F7-4668-BE54-9A1E7A4F7556}") = "AspireDemo.ServiceDefaults", "AspireDemo.ServiceDefaults\AspireDemo.ServiceDefaults.csproj", "{9742B689-463C-48D4-8842-717C4EAE67A3}"
EndProject
Project("{9A19103F-16F7-4668-BE54-9A1E7A4F7556}") = "AspireDemo.ApiService", "AspireDemo.ApiService\AspireDemo.ApiService.csproj", "{485D7F07-F20D-4CDE-8C76-CCCBB2CD85F4}"
EndProject
Project("{9A19103F-16F7-4668-BE54-9A1E7A4F7556}") = "AspireDemo.Web", "AspireDemo.Web\AspireDemo.Web.csproj", "{9300333F-4B02-482D-A812-494D15294B6C}"
EndProject
Project("{FAE04EC0-301F-11D3-BF4B-00C04F79EFBC}") = "AspireDemo.Domain", "AspireDemo.Domain\AspireDemo.Domain.csproj", "{0980F9B3-F6AB-45DD-BF65-ECC76DAC92B5}"
EndProject
Project("{9A19103F-16F7-4668-BE54-9A1E7A4F7556}") = "AspireDemo.IndexService", "AspireDemo.IndexService\AspireDemo.IndexService.csproj", "{D33C8FF0-6659-46B1-A163-01ADBDE89046}"
EndProject
Global
	GlobalSection(SolutionConfigurationPlatforms) = preSolution
		Debug|Any CPU = Debug|Any CPU
		Release|Any CPU = Release|Any CPU
	EndGlobalSection
	GlobalSection(ProjectConfigurationPlatforms) = postSolution
		{327009F3-B809-461F-B52D-786FB48892BD}.Debug|Any CPU.ActiveCfg = Debug|Any CPU
		{327009F3-B809-461F-B52D-786FB48892BD}.Debug|Any CPU.Build.0 = Debug|Any CPU
		{327009F3-B809-461F-B52D-786FB48892BD}.Release|Any CPU.ActiveCfg = Release|Any CPU
		{327009F3-B809-461F-B52D-786FB48892BD}.Release|Any CPU.Build.0 = Release|Any CPU
		{9742B689-463C-48D4-8842-717C4EAE67A3}.Debug|Any CPU.ActiveCfg = Debug|Any CPU
		{9742B689-463C-48D4-8842-717C4EAE67A3}.Debug|Any CPU.Build.0 = Debug|Any CPU
		{9742B689-463C-48D4-8842-717C4EAE67A3}.Release|Any CPU.ActiveCfg = Release|Any CPU
		{9742B689-463C-48D4-8842-717C4EAE67A3}.Release|Any CPU.Build.0 = Release|Any CPU
		{485D7F07-F20D-4CDE-8C76-CCCBB2CD85F4}.Debug|Any CPU.ActiveCfg = Debug|Any CPU
		{485D7F07-F20D-4CDE-8C76-CCCBB2CD85F4}.Debug|Any CPU.Build.0 = Debug|Any CPU
		{485D7F07-F20D-4CDE-8C76-CCCBB2CD85F4}.Release|Any CPU.ActiveCfg = Release|Any CPU
		{485D7F07-F20D-4CDE-8C76-CCCBB2CD85F4}.Release|Any CPU.Build.0 = Release|Any CPU
		{9300333F-4B02-482D-A812-494D15294B6C}.Debug|Any CPU.ActiveCfg = Debug|Any CPU
		{9300333F-4B02-482D-A812-494D15294B6C}.Debug|Any CPU.Build.0 = Debug|Any CPU
		{9300333F-4B02-482D-A812-494D15294B6C}.Release|Any CPU.ActiveCfg = Release|Any CPU
		{9300333F-4B02-482D-A812-494D15294B6C}.Release|Any CPU.Build.0 = Release|Any CPU
		{0980F9B3-F6AB-45DD-BF65-ECC76DAC92B5}.Debug|Any CPU.ActiveCfg = Debug|Any CPU
		{0980F9B3-F6AB-45DD-BF65-ECC76DAC92B5}.Debug|Any CPU.Build.0 = Debug|Any CPU
		{0980F9B3-F6AB-45DD-BF65-ECC76DAC92B5}.Release|Any CPU.ActiveCfg = Release|Any CPU
		{0980F9B3-F6AB-45DD-BF65-ECC76DAC92B5}.Release|Any CPU.Build.0 = Release|Any CPU
		{D33C8FF0-6659-46B1-A163-01ADBDE89046}.Debug|Any CPU.ActiveCfg = Debug|Any CPU
		{D33C8FF0-6659-46B1-A163-01ADBDE89046}.Debug|Any CPU.Build.0 = Debug|Any CPU
		{D33C8FF0-6659-46B1-A163-01ADBDE89046}.Release|Any CPU.ActiveCfg = Release|Any CPU
		{D33C8FF0-6659-46B1-A163-01ADBDE89046}.Release|Any CPU.Build.0 = Release|Any CPU
	EndGlobalSection
	GlobalSection(SolutionProperties) = preSolution
		HideSolutionNode = FALSE
	EndGlobalSection
	GlobalSection(ExtensibilityGlobals) = postSolution
		SolutionGuid = {7C32E54F-E94F-4A02-828B-4EFB8318A1FF}
	EndGlobalSection
EndGlobal
